<?xml version="1.0" encoding="utf-8"?>
<Project ToolsVersion="4.0" xmlns="http://schemas.microsoft.com/developer/msbuild/2003">
  <ItemGroup>
    <Filter Include="Source Files">
      <UniqueIdentifier>{4FC737F1-C7A5-4376-A066-2A32D752A2FF}</UniqueIdentifier>
      <Extensions>cpp;c;cc;cxx;def;odl;idl;hpj;bat;asm;asmx</Extensions>
    </Filter>
    <Filter Include="Header Files">
      <UniqueIdentifier>{93995380-89BD-4b04-88EB-625FBE52EBFB}</UniqueIdentifier>
      <Extensions>h;hh;hpp;hxx;hm;inl;inc;xsd</Extensions>
    </Filter>
    <Filter Include="Resource Files">
      <UniqueIdentifier>{67DA6AB6-F800-4c08-8B7A-83BB121AAD01}</UniqueIdentifier>
      <Extensions>rc;ico;cur;bmp;dlg;rc2;rct;bin;rgs;gif;jpg;jpeg;jpe;resx;tiff;tif;png;wav;mfcribbon-ms</Extensions>
    </Filter>
    <Filter Include="renders">
      <UniqueIdentifier>{103b3bfa-477d-492a-9c53-f1b35821e849}</UniqueIdentifier>
    </Filter>
    <Filter Include="common">
      <UniqueIdentifier>{cf7491bf-286d-4e0f-b629-dbb2ed39b2b6}</UniqueIdentifier>
    </Filter>
    <Filter Include="Resource Files\World">
      <UniqueIdentifier>{0712faf4-d5b9-4dab-94ea-86eb9ea9cc0e}</UniqueIdentifier>
    </Filter>
    <Filter Include="Resource Files\Items">
      <UniqueIdentifier>{be115640-c139-41e9-b66c-1f0446daf602}</UniqueIdentifier>
    </Filter>
    <Filter Include="Resource Files\Serializer">
      <UniqueIdentifier>{6c325fa4-582a-435d-a5ab-220938ee4936}</UniqueIdentifier>
    </Filter>
    <Filter Include="Resource Files\Objects">
      <UniqueIdentifier>{2de63a59-5696-4a0d-af0a-3eb77f8bafb2}</UniqueIdentifier>
    </Filter>
    <Filter Include="Resource Files\Inputs">
      <UniqueIdentifier>{0d988319-1657-4eac-a257-1976dd9bd2ff}</UniqueIdentifier>
    </Filter>
    <Filter Include="Resource Files\Palette">
      <UniqueIdentifier>{82e50a23-097b-45ff-84ed-f23302fab80c}</UniqueIdentifier>
    </Filter>
    <Filter Include="Resource Files\Camera">
      <UniqueIdentifier>{0a1e867e-624b-4e60-9e7c-70d460c6b26b}</UniqueIdentifier>
    </Filter>
    <Filter Include="Resource Files\Vertices">
      <UniqueIdentifier>{4796e5f2-cc10-45a5-852c-ca8a207de60c}</UniqueIdentifier>
    </Filter>
    <Filter Include="Resource Files\Engine">
      <UniqueIdentifier>{3db41fb0-94a2-4f25-82ec-01ab56b908c2}</UniqueIdentifier>
    </Filter>
    <Filter Include="Resource Files\Engine\GUI">
      <UniqueIdentifier>{4837914f-daf5-46c3-8aea-67a6abd195d5}</UniqueIdentifier>
    </Filter>
    <Filter Include="Resource Files\Engine\Renderer">
      <UniqueIdentifier>{16b2c959-79d8-49a8-a2f6-c8b666cc77b7}</UniqueIdentifier>
    </Filter>
  </ItemGroup>
  <ItemGroup>
    <ClCompile Include="main.cpp">
      <Filter>Source Files</Filter>
    </ClCompile>
    <ClCompile Include="shader.cpp">
      <Filter>common</Filter>
    </ClCompile>
    <ClCompile Include="Tile.cpp">
      <Filter>Source Files</Filter>
    </ClCompile>
    <ClCompile Include="ItemAtlas.cpp">
      <Filter>Source Files</Filter>
    </ClCompile>
    <ClCompile Include="Item.cpp">
      <Filter>Source Files</Filter>
    </ClCompile>
    <ClCompile Include="Serialize.cpp">
      <Filter>Source Files</Filter>
    </ClCompile>
    <ClCompile Include="ElementCreator.h">
      <Filter>Header Files</Filter>
    </ClCompile>
    <ClCompile Include="ElementCreator.cpp">
      <Filter>Source Files</Filter>
    </ClCompile>
    <ClCompile Include="Global.cpp">
      <Filter>Source Files</Filter>
    </ClCompile>
    <ClCompile Include="Inputs.cpp">
      <Filter>Source Files</Filter>
    </ClCompile>
    <ClCompile Include="World.cpp">
      <Filter>Source Files</Filter>
    </ClCompile>
    <ClCompile Include="Camera.cpp">
      <Filter>Source Files</Filter>
    </ClCompile>
    <ClCompile Include="GUI.cpp">
      <Filter>Source Files</Filter>
    </ClCompile>
    <ClCompile Include="RendToText.cpp">
      <Filter>Source Files</Filter>
    </ClCompile>
    <ClCompile Include="Palette.cpp">
      <Filter>Source Files</Filter>
    </ClCompile>
    <ClCompile Include="ObjectLibrary.cpp">
      <Filter>Source Files</Filter>
    </ClCompile>
    <ClCompile Include="DrawObject.cpp">
      <Filter>Source Files</Filter>
    </ClCompile>
    <ClCompile Include="Vertices.cpp">
      <Filter>Source Files</Filter>
    </ClCompile>
    <ClCompile Include="Render.cpp">
      <Filter>Source Files</Filter>
    </ClCompile>
    <ClCompile Include="ElementCreatorFunctions.cpp">
      <Filter>Source Files</Filter>
    </ClCompile>
  </ItemGroup>
  <ItemGroup>
    <ClInclude Include="shader.hpp">
      <Filter>common</Filter>
    </ClInclude>
    <ClInclude Include="Tile.h">
      <Filter>Resource Files\World</Filter>
    </ClInclude>
    <ClInclude Include="ItemAtlas.h">
      <Filter>Resource Files\Items</Filter>
    </ClInclude>
    <ClInclude Include="ItemInfo.h">
      <Filter>Resource Files\Items</Filter>
    </ClInclude>
    <ClInclude Include="Item.h">
      <Filter>Resource Files\Items</Filter>
    </ClInclude>
    <ClInclude Include="floor.h">
      <Filter>Resource Files\World</Filter>
    </ClInclude>
    <ClInclude Include="Serializer.h">
      <Filter>Resource Files\Serializer</Filter>
    </ClInclude>
    <ClInclude Include="World.h">
      <Filter>Resource Files\World</Filter>
    </ClInclude>
    <ClInclude Include="Global.h">
      <Filter>Header Files</Filter>
    </ClInclude>
    <ClInclude Include="Inputs.h">
      <Filter>Resource Files\Inputs</Filter>
    </ClInclude>
    <ClInclude Include="Palette.h">
      <Filter>Resource Files\Palette</Filter>
    </ClInclude>
    <ClInclude Include="Camera.h">
      <Filter>Resource Files\Camera</Filter>
    </ClInclude>
    <ClInclude Include="GUI.h">
      <Filter>Resource Files\Engine\GUI</Filter>
    </ClInclude>
    <ClInclude Include="DrawObject.h">
      <Filter>Resource Files\Objects</Filter>
    </ClInclude>
    <ClInclude Include="ObjectLibrary.h">
      <Filter>Resource Files\Objects</Filter>
    </ClInclude>
    <ClInclude Include="Vertices.h">
      <Filter>Resource Files\Vertices</Filter>
    </ClInclude>
    <ClInclude Include="Render.h">
      <Filter>Resource Files\Engine\Renderer</Filter>
    </ClInclude>
    <ClInclude Include="RendToText.h">
      <Filter>Resource Files\Engine\Renderer</Filter>
    </ClInclude>
    <ClInclude Include="ElementCreatorFunctions.h">
      <Filter>Header Files</Filter>
    </ClInclude>
  </ItemGroup>
  <ItemGroup>
    <None Include="resources\Shaders\ColorFragmentShader.fragmentshader">
      <Filter>renders</Filter>
    </None>
    <None Include="resources\Shaders\RendToTextFragmentShader.fragmentshader">
      <Filter>renders</Filter>
    </None>
    <None Include="resources\Shaders\RendToTextVertexShader.vertexshader">
      <Filter>renders</Filter>
    </None>
    <None Include="resources\Shaders\TransformVertexShader.vertexshader">
      <Filter>renders</Filter>
    </None>
    <None Include="resources\Shaders\outlineVertexShader.vertexshader">
      <Filter>renders</Filter>
    </None>
    <None Include="resources\Shaders\outlineFragmentShader.fragmentshader">
      <Filter>renders</Filter>
    </None>
  </ItemGroup>
</Project>